
Microsoft Visual Studio Solution File, Format Version 12.00
# Visual Studio Version 17
VisualStudioVersion = 17.0.32112.339
MinimumVisualStudioVersion = 10.0.40219.1
Project("{FAE04EC0-301F-11D3-BF4B-00C04F79EFBC}") = "WawaStore", "WawaStore\WawaStore.csproj", "{2D76A00F-DB4B-4BD5-9D08-8B3E5CD164C0}"
EndProject
Global
	GlobalSection(SolutionConfigurationPlatforms) = preSolution
		Debug|Any CPU = Debug|Any CPU
		Release|Any CPU = Release|Any CPU
	EndGlobalSection
	GlobalSection(ProjectConfigurationPlatforms) = postSolution
		{2D76A00F-DB4B-4BD5-9D08-8B3E5CD164C0}.Debug|Any CPU.ActiveCfg = Debug|Any CPU
		{2D76A00F-DB4B-4BD5-9D08-8B3E5CD164C0}.Debug|Any CPU.Build.0 = Debug|Any CPU
		{2D76A00F-DB4B-4BD5-9D08-8B3E5CD164C0}.Release|Any CPU.ActiveCfg = Release|Any CPU
		{2D76A00F-DB4B-4BD5-9D08-8B3E5CD164C0}.Release|Any CPU.Build.0 = Release|Any CPU
	EndGlobalSection
	GlobalSection(SolutionProperties) = preSolution
		HideSolutionNode = FALSE
	EndGlobalSection
	GlobalSection(ExtensibilityGlobals) = postSolution
		SolutionGuid = {B6093C44-F282-40BA-99F4-050E23874B40}
	EndGlobalSection
EndGlobal
